
Microsoft Visual Studio Solution File, Format Version 12.00
# Visual Studio Version 17
VisualStudioVersion = 17.13.35825.156 d17.13
MinimumVisualStudioVersion = 10.0.40219.1
Project("{FAE04EC0-301F-11D3-BF4B-00C04F79EFBC}") = "17102502", "17102502\17102502.csproj", "{8EE84712-1109-4810-B848-FB7D10401BC1}"
EndProject
Global
	GlobalSection(SolutionConfigurationPlatforms) = preSolution
		Debug|Any CPU = Debug|Any CPU
		Release|Any CPU = Release|Any CPU
	EndGlobalSection
	GlobalSection(ProjectConfigurationPlatforms) = postSolution
		{8EE84712-1109-4810-B848-FB7D10401BC1}.Debug|Any CPU.ActiveCfg = Debug|Any CPU
		{8EE84712-1109-4810-B848-FB7D10401BC1}.Debug|Any CPU.Build.0 = Debug|Any CPU
		{8EE84712-1109-4810-B848-FB7D10401BC1}.Release|Any CPU.ActiveCfg = Release|Any CPU
		{8EE84712-1109-4810-B848-FB7D10401BC1}.Release|Any CPU.Build.0 = Release|Any CPU
	EndGlobalSection
	GlobalSection(SolutionProperties) = preSolution
		HideSolutionNode = FALSE
	EndGlobalSection
	GlobalSection(ExtensibilityGlobals) = postSolution
		SolutionGuid = {A15AEAE4-A713-447A-8F21-55312B8F2523}
	EndGlobalSection
EndGlobal
