
Microsoft Visual Studio Solution File, Format Version 12.00
# Visual Studio Version 17
VisualStudioVersion = 17.13.35825.156 d17.13
MinimumVisualStudioVersion = 10.0.40219.1
Project("{FAE04EC0-301F-11D3-BF4B-00C04F79EFBC}") = "03102501", "03102501.csproj", "{DD5AC367-7FAC-4B60-914F-6A60FA6EF559}"
EndProject
Global
	GlobalSection(SolutionConfigurationPlatforms) = preSolution
		Debug|Any CPU = Debug|Any CPU
		Release|Any CPU = Release|Any CPU
	EndGlobalSection
	GlobalSection(ProjectConfigurationPlatforms) = postSolution
		{DD5AC367-7FAC-4B60-914F-6A60FA6EF559}.Debug|Any CPU.ActiveCfg = Debug|Any CPU
		{DD5AC367-7FAC-4B60-914F-6A60FA6EF559}.Debug|Any CPU.Build.0 = Debug|Any CPU
		{DD5AC367-7FAC-4B60-914F-6A60FA6EF559}.Release|Any CPU.ActiveCfg = Release|Any CPU
		{DD5AC367-7FAC-4B60-914F-6A60FA6EF559}.Release|Any CPU.Build.0 = Release|Any CPU
	EndGlobalSection
	GlobalSection(SolutionProperties) = preSolution
		HideSolutionNode = FALSE
	EndGlobalSection
	GlobalSection(ExtensibilityGlobals) = postSolution
		SolutionGuid = {1226A37F-88E9-4181-8938-D09DFB374A13}
	EndGlobalSection
EndGlobal
