
Microsoft Visual Studio Solution File, Format Version 12.00
# Visual Studio Version 17
VisualStudioVersion = 17.13.35825.156 d17.13
MinimumVisualStudioVersion = 10.0.40219.1
Project("{FAE04EC0-301F-11D3-BF4B-00C04F79EFBC}") = "03102503", "03102503.csproj", "{2D904E20-8B76-4B0D-8C5C-4B55940AA6A1}"
EndProject
Global
	GlobalSection(SolutionConfigurationPlatforms) = preSolution
		Debug|Any CPU = Debug|Any CPU
		Release|Any CPU = Release|Any CPU
	EndGlobalSection
	GlobalSection(ProjectConfigurationPlatforms) = postSolution
		{2D904E20-8B76-4B0D-8C5C-4B55940AA6A1}.Debug|Any CPU.ActiveCfg = Debug|Any CPU
		{2D904E20-8B76-4B0D-8C5C-4B55940AA6A1}.Debug|Any CPU.Build.0 = Debug|Any CPU
		{2D904E20-8B76-4B0D-8C5C-4B55940AA6A1}.Release|Any CPU.ActiveCfg = Release|Any CPU
		{2D904E20-8B76-4B0D-8C5C-4B55940AA6A1}.Release|Any CPU.Build.0 = Release|Any CPU
	EndGlobalSection
	GlobalSection(SolutionProperties) = preSolution
		HideSolutionNode = FALSE
	EndGlobalSection
	GlobalSection(ExtensibilityGlobals) = postSolution
		SolutionGuid = {48227B71-1768-4630-A4E8-620470B020B7}
	EndGlobalSection
EndGlobal
