
Microsoft Visual Studio Solution File, Format Version 12.00
# Visual Studio Version 17
VisualStudioVersion = 17.13.35825.156 d17.13
MinimumVisualStudioVersion = 10.0.40219.1
Project("{FAE04EC0-301F-11D3-BF4B-00C04F79EFBC}") = "asdasdasd", "asdasdasd\asdasdasd.csproj", "{0706F291-B333-4607-AEE6-C1007796996D}"
EndProject
Project("{FAE04EC0-301F-11D3-BF4B-00C04F79EFBC}") = "Ejerc01", "Ejerc01\Ejerc01.csproj", "{AB1C9680-95BF-424A-A89E-9919D5440F6E}"
EndProject
Global
	GlobalSection(SolutionConfigurationPlatforms) = preSolution
		Debug|Any CPU = Debug|Any CPU
		Release|Any CPU = Release|Any CPU
	EndGlobalSection
	GlobalSection(ProjectConfigurationPlatforms) = postSolution
		{0706F291-B333-4607-AEE6-C1007796996D}.Debug|Any CPU.ActiveCfg = Debug|Any CPU
		{0706F291-B333-4607-AEE6-C1007796996D}.Debug|Any CPU.Build.0 = Debug|Any CPU
		{0706F291-B333-4607-AEE6-C1007796996D}.Release|Any CPU.ActiveCfg = Release|Any CPU
		{0706F291-B333-4607-AEE6-C1007796996D}.Release|Any CPU.Build.0 = Release|Any CPU
		{AB1C9680-95BF-424A-A89E-9919D5440F6E}.Debug|Any CPU.ActiveCfg = Debug|Any CPU
		{AB1C9680-95BF-424A-A89E-9919D5440F6E}.Debug|Any CPU.Build.0 = Debug|Any CPU
		{AB1C9680-95BF-424A-A89E-9919D5440F6E}.Release|Any CPU.ActiveCfg = Release|Any CPU
		{AB1C9680-95BF-424A-A89E-9919D5440F6E}.Release|Any CPU.Build.0 = Release|Any CPU
	EndGlobalSection
	GlobalSection(SolutionProperties) = preSolution
		HideSolutionNode = FALSE
	EndGlobalSection
	GlobalSection(ExtensibilityGlobals) = postSolution
		SolutionGuid = {B96F70EE-3E9B-44FB-8693-4B203BC751DA}
	EndGlobalSection
EndGlobal
